# THIS IS AN AUTOGENERATED FILE. DO NOT EDIT THIS FILE DIRECTLY.
# yarn lockfile v1


"@babel/code-frame@7.0.0-beta.40", "@babel/code-frame@^7.0.0-beta.40":
  version "7.0.0-beta.40"
  resolved "https://registry.yarnpkg.com/@babel/code-frame/-/code-frame-7.0.0-beta.40.tgz#37e2b0cf7c56026b4b21d3927cadf81adec32ac6"
  dependencies:
    "@babel/highlight" "7.0.0-beta.40"

"@babel/generator@7.0.0-beta.40":
  version "7.0.0-beta.40"
  resolved "https://registry.yarnpkg.com/@babel/generator/-/generator-7.0.0-beta.40.tgz#ab61f9556f4f71dbd1138949c795bb9a21e302ea"
  dependencies:
    "@babel/types" "7.0.0-beta.40"
    jsesc "^2.5.1"
    lodash "^4.2.0"
    source-map "^0.5.0"
    trim-right "^1.0.1"

"@babel/helper-function-name@7.0.0-beta.40":
  version "7.0.0-beta.40"
  resolved "https://registry.yarnpkg.com/@babel/helper-function-name/-/helper-function-name-7.0.0-beta.40.tgz#9d033341ab16517f40d43a73f2d81fc431ccd7b6"
  dependencies:
    "@babel/helper-get-function-arity" "7.0.0-beta.40"
    "@babel/template" "7.0.0-beta.40"
    "@babel/types" "7.0.0-beta.40"

"@babel/helper-get-function-arity@7.0.0-beta.40":
  version "7.0.0-beta.40"
  resolved "https://registry.yarnpkg.com/@babel/helper-get-function-arity/-/helper-get-function-arity-7.0.0-beta.40.tgz#ac0419cf067b0ec16453e1274f03878195791c6e"
  dependencies:
    "@babel/types" "7.0.0-beta.40"

"@babel/highlight@7.0.0-beta.40":
  version "7.0.0-beta.40"
  resolved "https://registry.yarnpkg.com/@babel/highlight/-/highlight-7.0.0-beta.40.tgz#b43d67d76bf46e1d10d227f68cddcd263786b255"
  dependencies:
    chalk "^2.0.0"
    esutils "^2.0.2"
    js-tokens "^3.0.0"

"@babel/template@7.0.0-beta.40":
  version "7.0.0-beta.40"
  resolved "https://registry.yarnpkg.com/@babel/template/-/template-7.0.0-beta.40.tgz#034988c6424eb5c3268fe6a608626de1f4410fc8"
  dependencies:
    "@babel/code-frame" "7.0.0-beta.40"
    "@babel/types" "7.0.0-beta.40"
    babylon "7.0.0-beta.40"
    lodash "^4.2.0"

"@babel/traverse@^7.0.0-beta.40":
  version "7.0.0-beta.40"
  resolved "https://registry.yarnpkg.com/@babel/traverse/-/traverse-7.0.0-beta.40.tgz#d140e449b2e093ef9fe1a2eecc28421ffb4e521e"
  dependencies:
    "@babel/code-frame" "7.0.0-beta.40"
    "@babel/generator" "7.0.0-beta.40"
    "@babel/helper-function-name" "7.0.0-beta.40"
    "@babel/types" "7.0.0-beta.40"
    babylon "7.0.0-beta.40"
    debug "^3.0.1"
    globals "^11.1.0"
    invariant "^2.2.0"
    lodash "^4.2.0"

"@babel/types@7.0.0-beta.40", "@babel/types@^7.0.0-beta.40":
  version "7.0.0-beta.40"
  resolved "https://registry.yarnpkg.com/@babel/types/-/types-7.0.0-beta.40.tgz#25c3d7aae14126abe05fcb098c65a66b6d6b8c14"
  dependencies:
    esutils "^2.0.2"
    lodash "^4.2.0"
    to-fast-properties "^2.0.0"

ansi-styles@^3.2.0:
  version "3.2.0"
  resolved "https://registry.yarnpkg.com/ansi-styles/-/ansi-styles-3.2.0.tgz#c159b8d5be0f9e5a6f346dab94f16ce022161b88"
  dependencies:
    color-convert "^1.9.0"

babel-eslint@^8.2.2:
  version "8.2.2"
  resolved "https://registry.yarnpkg.com/babel-eslint/-/babel-eslint-8.2.2.tgz#1102273354c6f0b29b4ea28a65f97d122296b68b"
  dependencies:
    "@babel/code-frame" "^7.0.0-beta.40"
    "@babel/traverse" "^7.0.0-beta.40"
    "@babel/types" "^7.0.0-beta.40"
    babylon "^7.0.0-beta.40"
    eslint-scope "~3.7.1"
    eslint-visitor-keys "^1.0.0"

babylon@7.0.0-beta.40, babylon@^7.0.0-beta.40:
  version "7.0.0-beta.40"
  resolved "https://registry.yarnpkg.com/babylon/-/babylon-7.0.0-beta.40.tgz#91fc8cd56d5eb98b28e6fde41045f2957779940a"

chalk@^2.0.0:
  version "2.3.1"
  resolved "https://registry.yarnpkg.com/chalk/-/chalk-2.3.1.tgz#523fe2678aec7b04e8041909292fe8b17059b796"
  dependencies:
    ansi-styles "^3.2.0"
    escape-string-regexp "^1.0.5"
    supports-color "^5.2.0"

color-convert@^1.9.0:
  version "1.9.1"
  resolved "https://registry.yarnpkg.com/color-convert/-/color-convert-1.9.1.tgz#c1261107aeb2f294ebffec9ed9ecad529a6097ed"
  dependencies:
    color-name "^1.1.1"

color-name@^1.1.1:
  version "1.1.3"
  resolved "https://registry.yarnpkg.com/color-name/-/color-name-1.1.3.tgz#a7d0558bd89c42f795dd42328f740831ca53bc25"

debug@^3.0.1:
  version "3.1.0"
  resolved "https://registry.yarnpkg.com/debug/-/debug-3.1.0.tgz#5bb5a0672628b64149566ba16819e61518c67261"
  dependencies:
    ms "2.0.0"

escape-string-regexp@^1.0.5:
  version "1.0.5"
  resolved "https://registry.yarnpkg.com/escape-string-regexp/-/escape-string-regexp-1.0.5.tgz#1b61c0562190a8dff6ae3bb2cf0200ca130b86d4"

eslint-scope@~3.7.1:
  version "3.7.1"
  resolved "https://registry.yarnpkg.com/eslint-scope/-/eslint-scope-3.7.1.tgz#3d63c3edfda02e06e01a452ad88caacc7cdcb6e8"
  dependencies:
    esrecurse "^4.1.0"
    estraverse "^4.1.1"

eslint-visitor-keys@^1.0.0:
  version "1.0.0"
  resolved "https://registry.yarnpkg.com/eslint-visitor-keys/-/eslint-visitor-keys-1.0.0.tgz#3f3180fb2e291017716acb4c9d6d5b5c34a6a81d"

esrecurse@^4.1.0:
  version "4.2.0"
  resolved "https://registry.yarnpkg.com/esrecurse/-/esrecurse-4.2.0.tgz#fa9568d98d3823f9a41d91e902dcab9ea6e5b163"
  dependencies:
    estraverse "^4.1.0"
    object-assign "^4.0.1"

estraverse@^4.1.0, estraverse@^4.1.1:
  version "4.2.0"
  resolved "https://registry.yarnpkg.com/estraverse/-/estraverse-4.2.0.tgz#0dee3fed31fcd469618ce7342099fc1afa0bdb13"

esutils@^2.0.2:
  version "2.0.2"
  resolved "https://registry.yarnpkg.com/esutils/-/esutils-2.0.2.tgz#0abf4f1caa5bcb1f7a9d8acc6dea4faaa04bac9b"

globals@^11.1.0:
  version "11.3.0"
  resolved "https://registry.yarnpkg.com/globals/-/globals-11.3.0.tgz#e04fdb7b9796d8adac9c8f64c14837b2313378b0"

has-flag@^3.0.0:
  version "3.0.0"
  resolved "https://registry.yarnpkg.com/has-flag/-/has-flag-3.0.0.tgz#b5d454dc2199ae225699f3467e5a07f3b955bafd"

invariant@^2.2.0:
  version "2.2.3"
  resolved "https://registry.yarnpkg.com/invariant/-/invariant-2.2.3.tgz#1a827dfde7dcbd7c323f0ca826be8fa7c5e9d688"
  dependencies:
    loose-envify "^1.0.0"

js-tokens@^3.0.0:
  version "3.0.2"
  resolved "https://registry.yarnpkg.com/js-tokens/-/js-tokens-3.0.2.tgz#9866df395102130e38f7f996bceb65443209c25b"

jsesc@^2.5.1:
  version "2.5.1"
  resolved "https://registry.yarnpkg.com/jsesc/-/jsesc-2.5.1.tgz#e421a2a8e20d6b0819df28908f782526b96dd1fe"

lodash@^4.2.0:
  version "4.17.5"
  resolved "https://registry.yarnpkg.com/lodash/-/lodash-4.17.5.tgz#99a92d65c0272debe8c96b6057bc8fbfa3bed511"

loose-envify@^1.0.0:
  version "1.3.1"
  resolved "https://registry.yarnpkg.com/loose-envify/-/loose-envify-1.3.1.tgz#d1a8ad33fa9ce0e713d65fdd0ac8b748d478c848"
  dependencies:
    js-tokens "^3.0.0"

ms@2.0.0:
  version "2.0.0"
  resolved "https://registry.yarnpkg.com/ms/-/ms-2.0.0.tgz#5608aeadfc00be6c2901df5f9861788de0d597c8"

object-assign@^4.0.1:
  version "4.1.1"
  resolved "https://registry.yarnpkg.com/object-assign/-/object-assign-4.1.1.tgz#2109adc7965887cfc05cbbd442cac8bfbb360863"

source-map@^0.5.0:
  version "0.5.7"
  resolved "https://registry.yarnpkg.com/source-map/-/source-map-0.5.7.tgz#8a039d2d1021d22d1ea14c80d8ea468ba2ef3fcc"

supports-color@^5.2.0:
  version "5.2.0"
  resolved "https://registry.yarnpkg.com/supports-color/-/supports-color-5.2.0.tgz#b0d5333b1184dd3666cbe5aa0b45c5ac7ac17a4a"
  dependencies:
    has-flag "^3.0.0"

to-fast-properties@^2.0.0:
  version "2.0.0"
  resolved "https://registry.yarnpkg.com/to-fast-properties/-/to-fast-properties-2.0.0.tgz#dc5e698cbd079265bc73e0377681a4e4e83f616e"

trim-right@^1.0.1:
  version "1.0.1"
  resolved "https://registry.yarnpkg.com/trim-right/-/trim-right-1.0.1.tgz#cb2e1203067e0c8de1f614094b9fe45704ea6003"
